{
  "name": "redacted-node-test",
  "version": "1.0.0",
  "lockfileVersion": 3,
  "requires": true,
  "packages": {
    "": {
      "name": "redacted-node-test",
      "version": "1.0.0",
      "license": "ISC",
      "dependencies": {
        "@dsegovia/redacted": "npm:@jsr/dsegovia__redacted@^0.0.3"
      }
    },
    "node_modules/@dsegovia/redacted": {
      "name": "@jsr/dsegovia__redacted",
      "version": "0.0.3",
      "resolved": "https://npm.jsr.io/~/11/@jsr/dsegovia__redacted/0.0.3.tgz",
      "integrity": "sha512-57XLTZNmb/hgWiRG5oF8NWyBvxbQOr6TY9uQRIQ+yGT6XdH90o8Pyatpo9C9BuFEVP2c8nE6QRD/YiK4RHeXcA==",
      "dependencies": {
        "zod": "^3.24.3"
      }
    },
    "node_modules/zod": {
      "version": "3.24.3",
      "resolved": "https://registry.npmjs.org/zod/-/zod-3.24.3.tgz",
      "integrity": "sha512-HhY1oqzWCQWuUqvBFnsyrtZRhyPeR7SUGv+C4+MsisMuVfSPx8HpwWqH8tRahSlt6M3PiFAcoeFhZAqIXTxoSg==",
      "license": "MIT",
      "funding": {
        "url": "https://github.com/sponsors/colinhacks"
      }
    }
  }
}
