{
  "name": "redacted-node-test-npm",
  "version": "1.0.0",
  "lockfileVersion": 3,
  "requires": true,
  "packages": {
    "": {
      "name": "redacted-node-test-npm",
      "version": "1.0.0",
      "license": "ISC",
      "dependencies": {
        "@dsegovia90/redacted": "^0.0.3"
      }
    },
    "node_modules/@dsegovia90/redacted": {
      "version": "0.0.3",
      "resolved": "https://registry.npmjs.org/@dsegovia90/redacted/-/redacted-0.0.3.tgz",
      "integrity": "sha512-yR4Xof4aqfOWwLpuCYqR+jJaJJNyrQXwUChwrQoWxfEaVbiqLFFIAGlRVjdwZLsTV9+7oKxQqymvBopp6dlpQA==",
      "license": "MIT"
    }
  }
}
